lockfileVersion: '9.0'

settings:
  autoInstallPeers: true
  excludeLinksFromLockfile: false

importers:

  .:
    devDependencies:
      daisyui:
        specifier: 5.0.2
        version: 5.0.2
      tailwindcss:
        specifier: ^4.0.0
        version: 4.0.4

packages:

  daisyui@5.0.2:
    resolution: {integrity: sha512-AfOlwcE+Ukwuh2NSrMDE8VXOl9UWidj2Q5f64DEYqtZVW0Z9pELBA50iGEKg2FpBUvztFY5DFv7+eZgRts70BA==}

  tailwindcss@4.0.4:
    resolution: {integrity: sha512-/ezDLEkOLf1lXkr9F2iI5BHJbexJpty5zkV2B8bGHCqAdbc9vk85Jgdkq+ZOvNkNPa3yAaqJ8DjRt584Bc84kw==}

snapshots:

  daisyui@5.0.2: {}

  tailwindcss@4.0.4: {}
